
Microsoft Visual Studio Solution File, Format Version 12.00
# Visual Studio Version 17
VisualStudioVersion = 17.7.34202.233
MinimumVisualStudioVersion = 10.0.40219.1
Project("{FAE04EC0-301F-11D3-BF4B-00C04F79EFBC}") = "Pattern prototype", "Pattern prototype\Pattern prototype.csproj", "{A44AD27E-2993-4310-87E4-BDDA0B499D32}"
EndProject
Global
	GlobalSection(SolutionConfigurationPlatforms) = preSolution
		Debug|Any CPU = Debug|Any CPU
		Release|Any CPU = Release|Any CPU
	EndGlobalSection
	GlobalSection(ProjectConfigurationPlatforms) = postSolution
		{A44AD27E-2993-4310-87E4-BDDA0B499D32}.Debug|Any CPU.ActiveCfg = Debug|Any CPU
		{A44AD27E-2993-4310-87E4-BDDA0B499D32}.Debug|Any CPU.Build.0 = Debug|Any CPU
		{A44AD27E-2993-4310-87E4-BDDA0B499D32}.Release|Any CPU.ActiveCfg = Release|Any CPU
		{A44AD27E-2993-4310-87E4-BDDA0B499D32}.Release|Any CPU.Build.0 = Release|Any CPU
	EndGlobalSection
	GlobalSection(SolutionProperties) = preSolution
		HideSolutionNode = FALSE
	EndGlobalSection
	GlobalSection(ExtensibilityGlobals) = postSolution
		SolutionGuid = {CCCE8757-A806-4A85-914A-1D0560AD1A4B}
	EndGlobalSection
EndGlobal
